
Microsoft Visual Studio Solution File, Format Version 12.00
# Visual Studio 15
VisualStudioVersion = 15.0.26228.4
MinimumVisualStudioVersion = 10.0.40219.1
Project("{FAE04EC0-301F-11D3-BF4B-00C04F79EFBC}") = "Tourine.ServiceInterfaces", "Tourine.ServiceInterfaces\Tourine.ServiceInterfaces.csproj", "{CFB41D35-98AA-4302-B0A9-DE84AF33B9C3}"
EndProject
Project("{FAE04EC0-301F-11D3-BF4B-00C04F79EFBC}") = "Tourine.Test", "Tourine.Test\Tourine.Test.csproj", "{6399A856-E7D7-4CDD-9629-95FE005CD3D5}"
EndProject
Project("{00D1A9C2-B5F0-4AF3-8072-F6C62B433612}") = "Tourine.Database", "Tourine.Database\Tourine.Database.sqlproj", "{A0280105-9E32-4BFC-BFA3-BDADA96C95F6}"
EndProject
Project("{FAE04EC0-301F-11D3-BF4B-00C04F79EFBC}") = "Tourine", "Tourine\Tourine.csproj", "{D2F5D0D7-7AE1-4D1B-8AAF-84D34B304F9F}"
EndProject
Global
	GlobalSection(SolutionConfigurationPlatforms) = preSolution
		Debug|Any CPU = Debug|Any CPU
		Debug|ARM = Debug|ARM
		Debug|x64 = Debug|x64
		Debug|x86 = Debug|x86
		DeployDev|Any CPU = DeployDev|Any CPU
		DeployDev|ARM = DeployDev|ARM
		DeployDev|x64 = DeployDev|x64
		DeployDev|x86 = DeployDev|x86
		Release|Any CPU = Release|Any CPU
		Release|ARM = Release|ARM
		Release|x64 = Release|x64
		Release|x86 = Release|x86
	EndGlobalSection
	GlobalSection(ProjectConfigurationPlatforms) = postSolution
		{CFB41D35-98AA-4302-B0A9-DE84AF33B9C3}.Debug|Any CPU.ActiveCfg = Debug|Any CPU
		{CFB41D35-98AA-4302-B0A9-DE84AF33B9C3}.Debug|Any CPU.Build.0 = Debug|Any CPU
		{CFB41D35-98AA-4302-B0A9-DE84AF33B9C3}.Debug|ARM.ActiveCfg = Debug|Any CPU
		{CFB41D35-98AA-4302-B0A9-DE84AF33B9C3}.Debug|ARM.Build.0 = Debug|Any CPU
		{CFB41D35-98AA-4302-B0A9-DE84AF33B9C3}.Debug|x64.ActiveCfg = Debug|Any CPU
		{CFB41D35-98AA-4302-B0A9-DE84AF33B9C3}.Debug|x64.Build.0 = Debug|Any CPU
		{CFB41D35-98AA-4302-B0A9-DE84AF33B9C3}.Debug|x86.ActiveCfg = Debug|Any CPU
		{CFB41D35-98AA-4302-B0A9-DE84AF33B9C3}.Debug|x86.Build.0 = Debug|Any CPU
		{CFB41D35-98AA-4302-B0A9-DE84AF33B9C3}.DeployDev|Any CPU.ActiveCfg = DeployDev|Any CPU
		{CFB41D35-98AA-4302-B0A9-DE84AF33B9C3}.DeployDev|Any CPU.Build.0 = DeployDev|Any CPU
		{CFB41D35-98AA-4302-B0A9-DE84AF33B9C3}.DeployDev|ARM.ActiveCfg = DeployDev|Any CPU
		{CFB41D35-98AA-4302-B0A9-DE84AF33B9C3}.DeployDev|ARM.Build.0 = DeployDev|Any CPU
		{CFB41D35-98AA-4302-B0A9-DE84AF33B9C3}.DeployDev|x64.ActiveCfg = DeployDev|Any CPU
		{CFB41D35-98AA-4302-B0A9-DE84AF33B9C3}.DeployDev|x64.Build.0 = DeployDev|Any CPU
		{CFB41D35-98AA-4302-B0A9-DE84AF33B9C3}.DeployDev|x86.ActiveCfg = DeployDev|Any CPU
		{CFB41D35-98AA-4302-B0A9-DE84AF33B9C3}.DeployDev|x86.Build.0 = DeployDev|Any CPU
		{CFB41D35-98AA-4302-B0A9-DE84AF33B9C3}.Release|Any CPU.ActiveCfg = Release|Any CPU
		{CFB41D35-98AA-4302-B0A9-DE84AF33B9C3}.Release|Any CPU.Build.0 = Release|Any CPU
		{CFB41D35-98AA-4302-B0A9-DE84AF33B9C3}.Release|ARM.ActiveCfg = Release|Any CPU
		{CFB41D35-98AA-4302-B0A9-DE84AF33B9C3}.Release|ARM.Build.0 = Release|Any CPU
		{CFB41D35-98AA-4302-B0A9-DE84AF33B9C3}.Release|x64.ActiveCfg = Release|Any CPU
		{CFB41D35-98AA-4302-B0A9-DE84AF33B9C3}.Release|x64.Build.0 = Release|Any CPU
		{CFB41D35-98AA-4302-B0A9-DE84AF33B9C3}.Release|x86.ActiveCfg = Release|Any CPU
		{CFB41D35-98AA-4302-B0A9-DE84AF33B9C3}.Release|x86.Build.0 = Release|Any CPU
		{6399A856-E7D7-4CDD-9629-95FE005CD3D5}.Debug|Any CPU.ActiveCfg = Debug|Any CPU
		{6399A856-E7D7-4CDD-9629-95FE005CD3D5}.Debug|Any CPU.Build.0 = Debug|Any CPU
		{6399A856-E7D7-4CDD-9629-95FE005CD3D5}.Debug|ARM.ActiveCfg = Debug|Any CPU
		{6399A856-E7D7-4CDD-9629-95FE005CD3D5}.Debug|ARM.Build.0 = Debug|Any CPU
		{6399A856-E7D7-4CDD-9629-95FE005CD3D5}.Debug|x64.ActiveCfg = Debug|Any CPU
		{6399A856-E7D7-4CDD-9629-95FE005CD3D5}.Debug|x64.Build.0 = Debug|Any CPU
		{6399A856-E7D7-4CDD-9629-95FE005CD3D5}.Debug|x86.ActiveCfg = Debug|Any CPU
		{6399A856-E7D7-4CDD-9629-95FE005CD3D5}.Debug|x86.Build.0 = Debug|Any CPU
		{6399A856-E7D7-4CDD-9629-95FE005CD3D5}.DeployDev|Any CPU.ActiveCfg = DeployDev|Any CPU
		{6399A856-E7D7-4CDD-9629-95FE005CD3D5}.DeployDev|Any CPU.Build.0 = DeployDev|Any CPU
		{6399A856-E7D7-4CDD-9629-95FE005CD3D5}.DeployDev|ARM.ActiveCfg = DeployDev|Any CPU
		{6399A856-E7D7-4CDD-9629-95FE005CD3D5}.DeployDev|ARM.Build.0 = DeployDev|Any CPU
		{6399A856-E7D7-4CDD-9629-95FE005CD3D5}.DeployDev|x64.ActiveCfg = DeployDev|Any CPU
		{6399A856-E7D7-4CDD-9629-95FE005CD3D5}.DeployDev|x64.Build.0 = DeployDev|Any CPU
		{6399A856-E7D7-4CDD-9629-95FE005CD3D5}.DeployDev|x86.ActiveCfg = DeployDev|Any CPU
		{6399A856-E7D7-4CDD-9629-95FE005CD3D5}.DeployDev|x86.Build.0 = DeployDev|Any CPU
		{6399A856-E7D7-4CDD-9629-95FE005CD3D5}.Release|Any CPU.ActiveCfg = Release|Any CPU
		{6399A856-E7D7-4CDD-9629-95FE005CD3D5}.Release|Any CPU.Build.0 = Release|Any CPU
		{6399A856-E7D7-4CDD-9629-95FE005CD3D5}.Release|ARM.ActiveCfg = Release|Any CPU
		{6399A856-E7D7-4CDD-9629-95FE005CD3D5}.Release|ARM.Build.0 = Release|Any CPU
		{6399A856-E7D7-4CDD-9629-95FE005CD3D5}.Release|x64.ActiveCfg = Release|Any CPU
		{6399A856-E7D7-4CDD-9629-95FE005CD3D5}.Release|x64.Build.0 = Release|Any CPU
		{6399A856-E7D7-4CDD-9629-95FE005CD3D5}.Release|x86.ActiveCfg = Release|Any CPU
		{6399A856-E7D7-4CDD-9629-95FE005CD3D5}.Release|x86.Build.0 = Release|Any CPU
		{A0280105-9E32-4BFC-BFA3-BDADA96C95F6}.Debug|Any CPU.ActiveCfg = Debug|Any CPU
		{A0280105-9E32-4BFC-BFA3-BDADA96C95F6}.Debug|Any CPU.Build.0 = Debug|Any CPU
		{A0280105-9E32-4BFC-BFA3-BDADA96C95F6}.Debug|Any CPU.Deploy.0 = Debug|Any CPU
		{A0280105-9E32-4BFC-BFA3-BDADA96C95F6}.Debug|ARM.ActiveCfg = Debug|Any CPU
		{A0280105-9E32-4BFC-BFA3-BDADA96C95F6}.Debug|x64.ActiveCfg = Debug|Any CPU
		{A0280105-9E32-4BFC-BFA3-BDADA96C95F6}.Debug|x86.ActiveCfg = Debug|Any CPU
		{A0280105-9E32-4BFC-BFA3-BDADA96C95F6}.DeployDev|Any CPU.ActiveCfg = Debug|Any CPU
		{A0280105-9E32-4BFC-BFA3-BDADA96C95F6}.DeployDev|Any CPU.Build.0 = Debug|Any CPU
		{A0280105-9E32-4BFC-BFA3-BDADA96C95F6}.DeployDev|Any CPU.Deploy.0 = Debug|Any CPU
		{A0280105-9E32-4BFC-BFA3-BDADA96C95F6}.DeployDev|ARM.ActiveCfg = Debug|Any CPU
		{A0280105-9E32-4BFC-BFA3-BDADA96C95F6}.DeployDev|x64.ActiveCfg = Debug|Any CPU
		{A0280105-9E32-4BFC-BFA3-BDADA96C95F6}.DeployDev|x86.ActiveCfg = Debug|Any CPU
		{A0280105-9E32-4BFC-BFA3-BDADA96C95F6}.Release|Any CPU.ActiveCfg = Release|Any CPU
		{A0280105-9E32-4BFC-BFA3-BDADA96C95F6}.Release|Any CPU.Build.0 = Release|Any CPU
		{A0280105-9E32-4BFC-BFA3-BDADA96C95F6}.Release|Any CPU.Deploy.0 = Release|Any CPU
		{A0280105-9E32-4BFC-BFA3-BDADA96C95F6}.Release|ARM.ActiveCfg = Release|Any CPU
		{A0280105-9E32-4BFC-BFA3-BDADA96C95F6}.Release|x64.ActiveCfg = Release|Any CPU
		{A0280105-9E32-4BFC-BFA3-BDADA96C95F6}.Release|x86.ActiveCfg = Release|Any CPU
		{D2F5D0D7-7AE1-4D1B-8AAF-84D34B304F9F}.Debug|Any CPU.ActiveCfg = Debug|Any CPU
		{D2F5D0D7-7AE1-4D1B-8AAF-84D34B304F9F}.Debug|Any CPU.Build.0 = Debug|Any CPU
		{D2F5D0D7-7AE1-4D1B-8AAF-84D34B304F9F}.Debug|ARM.ActiveCfg = Debug|Any CPU
		{D2F5D0D7-7AE1-4D1B-8AAF-84D34B304F9F}.Debug|ARM.Build.0 = Debug|Any CPU
		{D2F5D0D7-7AE1-4D1B-8AAF-84D34B304F9F}.Debug|x64.ActiveCfg = Debug|Any CPU
		{D2F5D0D7-7AE1-4D1B-8AAF-84D34B304F9F}.Debug|x64.Build.0 = Debug|Any CPU
		{D2F5D0D7-7AE1-4D1B-8AAF-84D34B304F9F}.Debug|x86.ActiveCfg = Debug|Any CPU
		{D2F5D0D7-7AE1-4D1B-8AAF-84D34B304F9F}.Debug|x86.Build.0 = Debug|Any CPU
		{D2F5D0D7-7AE1-4D1B-8AAF-84D34B304F9F}.DeployDev|Any CPU.ActiveCfg = DeployDev|Any CPU
		{D2F5D0D7-7AE1-4D1B-8AAF-84D34B304F9F}.DeployDev|Any CPU.Build.0 = DeployDev|Any CPU
		{D2F5D0D7-7AE1-4D1B-8AAF-84D34B304F9F}.DeployDev|ARM.ActiveCfg = DeployDev|Any CPU
		{D2F5D0D7-7AE1-4D1B-8AAF-84D34B304F9F}.DeployDev|ARM.Build.0 = DeployDev|Any CPU
		{D2F5D0D7-7AE1-4D1B-8AAF-84D34B304F9F}.DeployDev|x64.ActiveCfg = DeployDev|Any CPU
		{D2F5D0D7-7AE1-4D1B-8AAF-84D34B304F9F}.DeployDev|x64.Build.0 = DeployDev|Any CPU
		{D2F5D0D7-7AE1-4D1B-8AAF-84D34B304F9F}.DeployDev|x86.ActiveCfg = DeployDev|Any CPU
		{D2F5D0D7-7AE1-4D1B-8AAF-84D34B304F9F}.DeployDev|x86.Build.0 = DeployDev|Any CPU
		{D2F5D0D7-7AE1-4D1B-8AAF-84D34B304F9F}.Release|Any CPU.ActiveCfg = Release|Any CPU
		{D2F5D0D7-7AE1-4D1B-8AAF-84D34B304F9F}.Release|Any CPU.Build.0 = Release|Any CPU
		{D2F5D0D7-7AE1-4D1B-8AAF-84D34B304F9F}.Release|ARM.ActiveCfg = Release|Any CPU
		{D2F5D0D7-7AE1-4D1B-8AAF-84D34B304F9F}.Release|ARM.Build.0 = Release|Any CPU
		{D2F5D0D7-7AE1-4D1B-8AAF-84D34B304F9F}.Release|x64.ActiveCfg = Release|Any CPU
		{D2F5D0D7-7AE1-4D1B-8AAF-84D34B304F9F}.Release|x64.Build.0 = Release|Any CPU
		{D2F5D0D7-7AE1-4D1B-8AAF-84D34B304F9F}.Release|x86.ActiveCfg = Release|Any CPU
		{D2F5D0D7-7AE1-4D1B-8AAF-84D34B304F9F}.Release|x86.Build.0 = Release|Any CPU
	EndGlobalSection
	GlobalSection(SolutionProperties) = preSolution
		HideSolutionNode = FALSE
	EndGlobalSection
	GlobalSection(ExtensibilityGlobals) = postSolution
		SolutionGuid = {99EA701D-9C04-400F-8D7E-AFFEB37D1F35}
	EndGlobalSection
	GlobalSection(Performance) = preSolution
		HasPerformanceSessions = true
	EndGlobalSection
EndGlobal
