
Microsoft Visual Studio Solution File, Format Version 12.00
# Visual Studio 15
VisualStudioVersion = 15.0.26228.4
MinimumVisualStudioVersion = 10.0.40219.1
Project("{FAE04EC0-301F-11D3-BF4B-00C04F79EFBC}") = "Tourine.Server", "Tourine.Server\Tourine.Server.csproj", "{2FD0E408-B964-4535-AC13-F6AC1BD597D7}"
EndProject
Project("{E24C65DC-7377-472B-9ABA-BC803B73C61A}") = "Tourine.WebApp", "Tourine.WebApp\", "{AF3D9913-3B4B-4DC2-86A8-886397FD613F}"
	ProjectSection(WebsiteProperties) = preProject
		TargetFrameworkMoniker = ".NETFramework,Version%3Dv4.5.2"
		Debug.AspNetCompiler.VirtualPath = "/localhost_1823"
		Debug.AspNetCompiler.PhysicalPath = "Tourine.WebApp\"
		Debug.AspNetCompiler.TargetPath = "PrecompiledWeb\localhost_1823\"
		Debug.AspNetCompiler.Updateable = "true"
		Debug.AspNetCompiler.ForceOverwrite = "true"
		Debug.AspNetCompiler.FixedNames = "false"
		Debug.AspNetCompiler.Debug = "True"
		Release.AspNetCompiler.VirtualPath = "/localhost_1823"
		Release.AspNetCompiler.PhysicalPath = "Tourine.WebApp\"
		Release.AspNetCompiler.TargetPath = "PrecompiledWeb\localhost_1823\"
		Release.AspNetCompiler.Updateable = "true"
		Release.AspNetCompiler.ForceOverwrite = "true"
		Release.AspNetCompiler.FixedNames = "false"
		Release.AspNetCompiler.Debug = "False"
		VWDPort = "1823"
	EndProjectSection
EndProject
Global
	GlobalSection(SolutionConfigurationPlatforms) = preSolution
		Debug|Any CPU = Debug|Any CPU
		Release|Any CPU = Release|Any CPU
	EndGlobalSection
	GlobalSection(ProjectConfigurationPlatforms) = postSolution
		{2FD0E408-B964-4535-AC13-F6AC1BD597D7}.Debug|Any CPU.ActiveCfg = Debug|Any CPU
		{2FD0E408-B964-4535-AC13-F6AC1BD597D7}.Debug|Any CPU.Build.0 = Debug|Any CPU
		{2FD0E408-B964-4535-AC13-F6AC1BD597D7}.Release|Any CPU.ActiveCfg = Release|Any CPU
		{2FD0E408-B964-4535-AC13-F6AC1BD597D7}.Release|Any CPU.Build.0 = Release|Any CPU
		{AF3D9913-3B4B-4DC2-86A8-886397FD613F}.Debug|Any CPU.ActiveCfg = Debug|Any CPU
		{AF3D9913-3B4B-4DC2-86A8-886397FD613F}.Debug|Any CPU.Build.0 = Debug|Any CPU
		{AF3D9913-3B4B-4DC2-86A8-886397FD613F}.Release|Any CPU.ActiveCfg = Debug|Any CPU
		{AF3D9913-3B4B-4DC2-86A8-886397FD613F}.Release|Any CPU.Build.0 = Debug|Any CPU
	EndGlobalSection
	GlobalSection(SolutionProperties) = preSolution
		HideSolutionNode = FALSE
	EndGlobalSection
EndGlobal
