
Microsoft Visual Studio Solution File, Format Version 12.00
# Visual Studio 15
VisualStudioVersion = 15.0.26228.4
MinimumVisualStudioVersion = 10.0.40219.1
Project("{E24C65DC-7377-472B-9ABA-BC803B73C61A}") = "Tourine.WebApp", "Tourine.WebApp\", "{AF3D9913-3B4B-4DC2-86A8-886397FD613F}"
	ProjectSection(WebsiteProperties) = preProject
		TargetFrameworkMoniker = ".NETFramework,Version%3Dv4.5.2"
		Debug.AspNetCompiler.VirtualPath = "/localhost_1823"
		Debug.AspNetCompiler.PhysicalPath = "Tourine.WebApp\"
		Debug.AspNetCompiler.TargetPath = "PrecompiledWeb\localhost_1823\"
		Debug.AspNetCompiler.Updateable = "true"
		Debug.AspNetCompiler.ForceOverwrite = "true"
		Debug.AspNetCompiler.FixedNames = "false"
		Debug.AspNetCompiler.Debug = "True"
		Release.AspNetCompiler.VirtualPath = "/localhost_1823"
		Release.AspNetCompiler.PhysicalPath = "Tourine.WebApp\"
		Release.AspNetCompiler.TargetPath = "PrecompiledWeb\localhost_1823\"
		Release.AspNetCompiler.Updateable = "true"
		Release.AspNetCompiler.ForceOverwrite = "true"
		Release.AspNetCompiler.FixedNames = "false"
		Release.AspNetCompiler.Debug = "False"
		VWDPort = "1823"
		SlnRelativePath = "Tourine.WebApp\"
	EndProjectSection
EndProject
Project("{FAE04EC0-301F-11D3-BF4B-00C04F79EFBC}") = "Tourine.Models", "Tourine.Models\Tourine.Models.csproj", "{74ECD92C-3710-4EA5-BECE-CE8F911C7EE3}"
EndProject
Project("{FAE04EC0-301F-11D3-BF4B-00C04F79EFBC}") = "Tourine.ServiceInterfaces", "Tourine.ServiceInterfaces\Tourine.ServiceInterfaces.csproj", "{4805F4E5-40C7-45D3-B597-0A59BB95364C}"
EndProject
Project("{FAE04EC0-301F-11D3-BF4B-00C04F79EFBC}") = "Tourine", "Tourine\Tourine.csproj", "{07A0A0A0-F38F-4052-B76E-19B97FCC143D}"
EndProject
Project("{FAE04EC0-301F-11D3-BF4B-00C04F79EFBC}") = "Tourine.Test", "Tourine.Test\Tourine.Test.csproj", "{1EB4406D-E3A8-4CAF-B84C-EF815AB70489}"
EndProject
Global
	GlobalSection(SolutionConfigurationPlatforms) = preSolution
		Debug|Any CPU = Debug|Any CPU
		Release|Any CPU = Release|Any CPU
	EndGlobalSection
	GlobalSection(ProjectConfigurationPlatforms) = postSolution
		{AF3D9913-3B4B-4DC2-86A8-886397FD613F}.Debug|Any CPU.ActiveCfg = Debug|Any CPU
		{AF3D9913-3B4B-4DC2-86A8-886397FD613F}.Debug|Any CPU.Build.0 = Debug|Any CPU
		{AF3D9913-3B4B-4DC2-86A8-886397FD613F}.Release|Any CPU.ActiveCfg = Debug|Any CPU
		{AF3D9913-3B4B-4DC2-86A8-886397FD613F}.Release|Any CPU.Build.0 = Debug|Any CPU
		{74ECD92C-3710-4EA5-BECE-CE8F911C7EE3}.Debug|Any CPU.ActiveCfg = Debug|Any CPU
		{74ECD92C-3710-4EA5-BECE-CE8F911C7EE3}.Debug|Any CPU.Build.0 = Debug|Any CPU
		{74ECD92C-3710-4EA5-BECE-CE8F911C7EE3}.Release|Any CPU.ActiveCfg = Release|Any CPU
		{74ECD92C-3710-4EA5-BECE-CE8F911C7EE3}.Release|Any CPU.Build.0 = Release|Any CPU
		{4805F4E5-40C7-45D3-B597-0A59BB95364C}.Debug|Any CPU.ActiveCfg = Debug|Any CPU
		{4805F4E5-40C7-45D3-B597-0A59BB95364C}.Debug|Any CPU.Build.0 = Debug|Any CPU
		{4805F4E5-40C7-45D3-B597-0A59BB95364C}.Release|Any CPU.ActiveCfg = Release|Any CPU
		{4805F4E5-40C7-45D3-B597-0A59BB95364C}.Release|Any CPU.Build.0 = Release|Any CPU
		{07A0A0A0-F38F-4052-B76E-19B97FCC143D}.Debug|Any CPU.ActiveCfg = Debug|Any CPU
		{07A0A0A0-F38F-4052-B76E-19B97FCC143D}.Debug|Any CPU.Build.0 = Debug|Any CPU
		{07A0A0A0-F38F-4052-B76E-19B97FCC143D}.Release|Any CPU.ActiveCfg = Release|Any CPU
		{07A0A0A0-F38F-4052-B76E-19B97FCC143D}.Release|Any CPU.Build.0 = Release|Any CPU
		{1EB4406D-E3A8-4CAF-B84C-EF815AB70489}.Debug|Any CPU.ActiveCfg = Debug|Any CPU
		{1EB4406D-E3A8-4CAF-B84C-EF815AB70489}.Debug|Any CPU.Build.0 = Debug|Any CPU
		{1EB4406D-E3A8-4CAF-B84C-EF815AB70489}.Release|Any CPU.ActiveCfg = Release|Any CPU
		{1EB4406D-E3A8-4CAF-B84C-EF815AB70489}.Release|Any CPU.Build.0 = Release|Any CPU
	EndGlobalSection
	GlobalSection(SolutionProperties) = preSolution
		HideSolutionNode = FALSE
	EndGlobalSection
EndGlobal
